
Microsoft Visual Studio Solution File, Format Version 12.00
# Visual Studio 15
VisualStudioVersion = 15.0.28307.572
MinimumVisualStudioVersion = 10.0.40219.1
Project("{2150E333-8FDC-42A3-9474-1A3956D46DE8}") = "0 - Web UI", "0 - Web UI", "{205EC83F-8BE1-4C04-AA27-5C790824A0F0}"
EndProject
Project("{2150E333-8FDC-42A3-9474-1A3956D46DE8}") = "1 - API", "1 - API", "{B7C7BC0B-00B2-46F2-B41F-8062269880C9}"
EndProject
Project("{FAE04EC0-301F-11D3-BF4B-00C04F79EFBC}") = "MeusLivros.API", "MeusLivros.API\MeusLivros.API.csproj", "{BEB2D217-0471-462F-B669-4ECD00C97DBF}"
EndProject
Project("{FAE04EC0-301F-11D3-BF4B-00C04F79EFBC}") = "MeusLivros.Dominio", "MeusLivros.Dominio\MeusLivros.Dominio.csproj", "{41A884E3-38C8-4576-8BB4-787036D225AD}"
EndProject
Project("{FAE04EC0-301F-11D3-BF4B-00C04F79EFBC}") = "MeusLivros.Infra", "MeusLivros.Infra\MeusLivros.Infra.csproj", "{5C6D7025-C68E-4B17-8BEE-B67A067C46CD}"
EndProject
Project("{FAE04EC0-301F-11D3-BF4B-00C04F79EFBC}") = "MeusLivros.WebUI", "MeusLivros.WebUI\MeusLivros.WebUI.csproj", "{3774C90F-7546-44CE-AD08-36BE73276EAE}"
EndProject
Global
	GlobalSection(SolutionConfigurationPlatforms) = preSolution
		Debug|Any CPU = Debug|Any CPU
		Release|Any CPU = Release|Any CPU
	EndGlobalSection
	GlobalSection(ProjectConfigurationPlatforms) = postSolution
		{BEB2D217-0471-462F-B669-4ECD00C97DBF}.Debug|Any CPU.ActiveCfg = Debug|Any CPU
		{BEB2D217-0471-462F-B669-4ECD00C97DBF}.Debug|Any CPU.Build.0 = Debug|Any CPU
		{BEB2D217-0471-462F-B669-4ECD00C97DBF}.Release|Any CPU.ActiveCfg = Release|Any CPU
		{BEB2D217-0471-462F-B669-4ECD00C97DBF}.Release|Any CPU.Build.0 = Release|Any CPU
		{41A884E3-38C8-4576-8BB4-787036D225AD}.Debug|Any CPU.ActiveCfg = Debug|Any CPU
		{41A884E3-38C8-4576-8BB4-787036D225AD}.Debug|Any CPU.Build.0 = Debug|Any CPU
		{41A884E3-38C8-4576-8BB4-787036D225AD}.Release|Any CPU.ActiveCfg = Release|Any CPU
		{41A884E3-38C8-4576-8BB4-787036D225AD}.Release|Any CPU.Build.0 = Release|Any CPU
		{5C6D7025-C68E-4B17-8BEE-B67A067C46CD}.Debug|Any CPU.ActiveCfg = Debug|Any CPU
		{5C6D7025-C68E-4B17-8BEE-B67A067C46CD}.Debug|Any CPU.Build.0 = Debug|Any CPU
		{5C6D7025-C68E-4B17-8BEE-B67A067C46CD}.Release|Any CPU.ActiveCfg = Release|Any CPU
		{5C6D7025-C68E-4B17-8BEE-B67A067C46CD}.Release|Any CPU.Build.0 = Release|Any CPU
		{3774C90F-7546-44CE-AD08-36BE73276EAE}.Debug|Any CPU.ActiveCfg = Debug|Any CPU
		{3774C90F-7546-44CE-AD08-36BE73276EAE}.Debug|Any CPU.Build.0 = Debug|Any CPU
		{3774C90F-7546-44CE-AD08-36BE73276EAE}.Release|Any CPU.ActiveCfg = Release|Any CPU
		{3774C90F-7546-44CE-AD08-36BE73276EAE}.Release|Any CPU.Build.0 = Release|Any CPU
	EndGlobalSection
	GlobalSection(SolutionProperties) = preSolution
		HideSolutionNode = FALSE
	EndGlobalSection
	GlobalSection(NestedProjects) = preSolution
		{BEB2D217-0471-462F-B669-4ECD00C97DBF} = {B7C7BC0B-00B2-46F2-B41F-8062269880C9}
		{41A884E3-38C8-4576-8BB4-787036D225AD} = {B7C7BC0B-00B2-46F2-B41F-8062269880C9}
		{5C6D7025-C68E-4B17-8BEE-B67A067C46CD} = {B7C7BC0B-00B2-46F2-B41F-8062269880C9}
		{3774C90F-7546-44CE-AD08-36BE73276EAE} = {205EC83F-8BE1-4C04-AA27-5C790824A0F0}
	EndGlobalSection
	GlobalSection(ExtensibilityGlobals) = postSolution
		SolutionGuid = {50C300E6-41AA-47B1-9596-798924D49E6E}
	EndGlobalSection
EndGlobal
